
Microsoft Visual Studio Solution File, Format Version 12.00
# Visual Studio 15
VisualStudioVersion = 15.0.28307.757
MinimumVisualStudioVersion = 10.0.40219.1
Project("{FAE04EC0-301F-11D3-BF4B-00C04F79EFBC}") = "TepeGuvCase.BLL", "TepeGuvCase.BLL\TepeGuvCase.BLL.csproj", "{3ECAFDD7-3442-4880-BD70-958E408A9522}"
EndProject
Project("{FAE04EC0-301F-11D3-BF4B-00C04F79EFBC}") = "TepeGuvCase.DAL", "TepeGuvCase.DAL\TepeGuvCase.DAL.csproj", "{1EB83514-FD42-49E4-B5D4-81874B630E5C}"
EndProject
Project("{FAE04EC0-301F-11D3-BF4B-00C04F79EFBC}") = "TepeGuvCase.WebUI", "TepeGuvCase.WebUI\TepeGuvCase.WebUI.csproj", "{5C85D32E-6965-46B5-8098-1F79BDCE6DF6}"
EndProject
Global
	GlobalSection(SolutionConfigurationPlatforms) = preSolution
		Debug|Any CPU = Debug|Any CPU
		Release|Any CPU = Release|Any CPU
	EndGlobalSection
	GlobalSection(ProjectConfigurationPlatforms) = postSolution
		{3ECAFDD7-3442-4880-BD70-958E408A9522}.Debug|Any CPU.ActiveCfg = Debug|Any CPU
		{3ECAFDD7-3442-4880-BD70-958E408A9522}.Debug|Any CPU.Build.0 = Debug|Any CPU
		{3ECAFDD7-3442-4880-BD70-958E408A9522}.Release|Any CPU.ActiveCfg = Release|Any CPU
		{3ECAFDD7-3442-4880-BD70-958E408A9522}.Release|Any CPU.Build.0 = Release|Any CPU
		{1EB83514-FD42-49E4-B5D4-81874B630E5C}.Debug|Any CPU.ActiveCfg = Debug|Any CPU
		{1EB83514-FD42-49E4-B5D4-81874B630E5C}.Debug|Any CPU.Build.0 = Debug|Any CPU
		{1EB83514-FD42-49E4-B5D4-81874B630E5C}.Release|Any CPU.ActiveCfg = Release|Any CPU
		{1EB83514-FD42-49E4-B5D4-81874B630E5C}.Release|Any CPU.Build.0 = Release|Any CPU
		{5C85D32E-6965-46B5-8098-1F79BDCE6DF6}.Debug|Any CPU.ActiveCfg = Debug|Any CPU
		{5C85D32E-6965-46B5-8098-1F79BDCE6DF6}.Debug|Any CPU.Build.0 = Debug|Any CPU
		{5C85D32E-6965-46B5-8098-1F79BDCE6DF6}.Release|Any CPU.ActiveCfg = Release|Any CPU
		{5C85D32E-6965-46B5-8098-1F79BDCE6DF6}.Release|Any CPU.Build.0 = Release|Any CPU
	EndGlobalSection
	GlobalSection(SolutionProperties) = preSolution
		HideSolutionNode = FALSE
	EndGlobalSection
	GlobalSection(ExtensibilityGlobals) = postSolution
		SolutionGuid = {CEC3883A-F544-44E2-8FAB-AB366EA9D59C}
	EndGlobalSection
EndGlobal
